// !$*UTF8*$!
{
	archiveVersion = 1;
	classes = {
	};
	objectVersion = 48;
	objects = {

/* Begin PBXBuildFile section */
		7B43E9B21F361DBF0034B9BA /* Predictions.swift in Sources */ = {isa = PBXBuildFile; fileRef = 7B43E9B11F361DBF0034B9BA /* Predictions.swift */; };
		7B43E9B31F3643190034B9BA /* NonMaxSuppression.swift in Sources */ = {isa = PBXBuildFile; fileRef = 7B4A362F1F35F10C009A6364 /* NonMaxSuppression.swift */; };
		7B4A36111F35E6FA009A6364 /* AppDelegate.swift in Sources */ = {isa = PBXBuildFile; fileRef = 7B4A36101F35E6FA009A6364 /* AppDelegate.swift */; };
		7B4A36131F35E6FA009A6364 /* ViewController.swift in Sources */ = {isa = PBXBuildFile; fileRef = 7B4A36121F35E6FA009A6364 /* ViewController.swift */; };
		7B4A36161F35E6FA009A6364 /* Main.storyboard in Resources */ = {isa = PBXBuildFile; fileRef = 7B4A36141F35E6FA009A6364 /* Main.storyboard */; };
		7B4A36181F35E6FA009A6364 /* Assets.xcassets in Resources */ = {isa = PBXBuildFile; fileRef = 7B4A36171F35E6FA009A6364 /* Assets.xcassets */; };
		7B4A361B1F35E6FA009A6364 /* LaunchScreen.storyboard in Resources */ = {isa = PBXBuildFile; fileRef = 7B4A36191F35E6FA009A6364 /* LaunchScreen.storyboard */; };
		7B4A36251F35E760009A6364 /* UIImage+CVPixelBuffer.swift in Sources */ = {isa = PBXBuildFile; fileRef = 7B4A36231F35E760009A6364 /* UIImage+CVPixelBuffer.swift */; };
		7B4A36261F35E760009A6364 /* Array.swift in Sources */ = {isa = PBXBuildFile; fileRef = 7B4A36241F35E760009A6364 /* Array.swift */; };
		7B4A36281F35EA6E009A6364 /* cat.jpg in Resources */ = {isa = PBXBuildFile; fileRef = 7B4A36271F35EA6E009A6364 /* cat.jpg */; };
		7B4A362E1F35F062009A6364 /* CVPixelBuffer+Helpers.swift in Sources */ = {isa = PBXBuildFile; fileRef = 7B4A362D1F35F062009A6364 /* CVPixelBuffer+Helpers.swift */; };
		7B4A36341F35F83E009A6364 /* MultiArray.swift in Sources */ = {isa = PBXBuildFile; fileRef = 7B4A36331F35F83E009A6364 /* MultiArray.swift */; };
/* End PBXBuildFile section */

/* Begin PBXFileReference section */
		7B43E9B11F361DBF0034B9BA /* Predictions.swift */ = {isa = PBXFileReference; fileEncoding = 4; lastKnownFileType = sourcecode.swift; path = Predictions.swift; sourceTree = "<group>"; };
		7B4A360D1F35E6FA009A6364 /* Demo.app */ = {isa = PBXFileReference; explicitFileType = wrapper.application; includeInIndex = 0; path = Demo.app; sourceTree = BUILT_PRODUCTS_DIR; };
		7B4A36101F35E6FA009A6364 /* AppDelegate.swift */ = {isa = PBXFileReference; lastKnownFileType = sourcecode.swift; path = AppDelegate.swift; sourceTree = "<group>"; };
		7B4A36121F35E6FA009A6364 /* ViewController.swift */ = {isa = PBXFileReference; lastKnownFileType = sourcecode.swift; path = ViewController.swift; sourceTree = "<group>"; };
		7B4A36151F35E6FA009A6364 /* Base */ = {isa = PBXFileReference; lastKnownFileType = file.storyboard; name = Base; path = Base.lproj/Main.storyboard; sourceTree = "<group>"; };
		7B4A36171F35E6FA009A6364 /* Assets.xcassets */ = {isa = PBXFileReference; lastKnownFileType = folder.assetcatalog; path = Assets.xcassets; sourceTree = "<group>"; };
		7B4A361A1F35E6FA009A6364 /* Base */ = {isa = PBXFileReference; lastKnownFileType = file.storyboard; name = Base; path = Base.lproj/LaunchScreen.storyboard; sourceTree = "<group>"; };
		7B4A361C1F35E6FA009A6364 /* Info.plist */ = {isa = PBXFileReference; lastKnownFileType = text.plist.xml; path = Info.plist; sourceTree = "<group>"; };
		7B4A36231F35E760009A6364 /* UIImage+CVPixelBuffer.swift */ = {isa = PBXFileReference; fileEncoding = 4; lastKnownFileType = sourcecode.swift; path = "UIImage+CVPixelBuffer.swift"; sourceTree = "<group>"; };
		7B4A36241F35E760009A6364 /* Array.swift */ = {isa = PBXFileReference; fileEncoding = 4; lastKnownFileType = sourcecode.swift; path = Array.swift; sourceTree = "<group>"; };
		7B4A36271F35EA6E009A6364 /* cat.jpg */ = {isa = PBXFileReference; lastKnownFileType = image.jpeg; name = cat.jpg; path = Demo/cat.jpg; sourceTree = SOURCE_ROOT; };
		7B4A362D1F35F062009A6364 /* CVPixelBuffer+Helpers.swift */ = {isa = PBXFileReference; fileEncoding = 4; lastKnownFileType = sourcecode.swift; path = "CVPixelBuffer+Helpers.swift"; sourceTree = "<group>"; };
		7B4A362F1F35F10C009A6364 /* NonMaxSuppression.swift */ = {isa = PBXFileReference; fileEncoding = 4; lastKnownFileType = sourcecode.swift; path = NonMaxSuppression.swift; sourceTree = "<group>"; };
		7B4A36331F35F83E009A6364 /* MultiArray.swift */ = {isa = PBXFileReference; lastKnownFileType = sourcecode.swift; path = MultiArray.swift; sourceTree = "<group>"; };
/* End PBXFileReference section */

/* Begin PBXFrameworksBuildPhase section */
		7B4A360A1F35E6FA009A6364 /* Frameworks */ = {
			isa = PBXFrameworksBuildPhase;
			buildActionMask = 2147483647;
			files = (
			);
			runOnlyForDeploymentPostprocessing = 0;
		};
/* End PBXFrameworksBuildPhase section */

/* Begin PBXGroup section */
		7B4A36041F35E6FA009A6364 = {
			isa = PBXGroup;
			children = (
				7B4A360F1F35E6FA009A6364 /* Demo */,
				7B4A360E1F35E6FA009A6364 /* Products */,
			);
			sourceTree = "<group>";
		};
		7B4A360E1F35E6FA009A6364 /* Products */ = {
			isa = PBXGroup;
			children = (
				7B4A360D1F35E6FA009A6364 /* Demo.app */,
			);
			name = Products;
			sourceTree = "<group>";
		};
		7B4A360F1F35E6FA009A6364 /* Demo */ = {
			isa = PBXGroup;
			children = (
				7B4A362A1F35EA83009A6364 /* Sources */,
				7B4A36291F35EA74009A6364 /* Resources */,
				7B4A36221F35E760009A6364 /* CoreMLHelpers */,
			);
			path = Demo;
			sourceTree = "<group>";
		};
		7B4A36221F35E760009A6364 /* CoreMLHelpers */ = {
			isa = PBXGroup;
			children = (
				7B4A36241F35E760009A6364 /* Array.swift */,
				7B4A362D1F35F062009A6364 /* CVPixelBuffer+Helpers.swift */,
				7B4A36331F35F83E009A6364 /* MultiArray.swift */,
				7B4A362F1F35F10C009A6364 /* NonMaxSuppression.swift */,
				7B43E9B11F361DBF0034B9BA /* Predictions.swift */,
				7B4A36231F35E760009A6364 /* UIImage+CVPixelBuffer.swift */,
			);
			name = CoreMLHelpers;
			path = ../../CoreMLHelpers;
			sourceTree = "<group>";
		};
		7B4A36291F35EA74009A6364 /* Resources */ = {
			isa = PBXGroup;
			children = (
				7B4A36271F35EA6E009A6364 /* cat.jpg */,
				7B4A36171F35E6FA009A6364 /* Assets.xcassets */,
				7B4A36141F35E6FA009A6364 /* Main.storyboard */,
				7B4A36191F35E6FA009A6364 /* LaunchScreen.storyboard */,
				7B4A361C1F35E6FA009A6364 /* Info.plist */,
			);
			name = Resources;
			sourceTree = "<group>";
		};
		7B4A362A1F35EA83009A6364 /* Sources */ = {
			isa = PBXGroup;
			children = (
				7B4A36101F35E6FA009A6364 /* AppDelegate.swift */,
				7B4A36121F35E6FA009A6364 /* ViewController.swift */,
			);
			name = Sources;
			sourceTree = "<group>";
		};
/* End PBXGroup section */

/* Begin PBXNativeTarget section */
		7B4A360C1F35E6FA009A6364 /* Demo */ = {
			isa = PBXNativeTarget;
			buildConfigurationList = 7B4A361F1F35E6FA009A6364 /* Build configuration list for PBXNativeTarget "Demo" */;
			buildPhases = (
				7B4A36091F35E6FA009A6364 /* Sources */,
				7B4A360A1F35E6FA009A6364 /* Frameworks */,
				7B4A360B1F35E6FA009A6364 /* Resources */,
			);
			buildRules = (
			);
			dependencies = (
			);
			name = Demo;
			productName = Demo;
			productReference = 7B4A360D1F35E6FA009A6364 /* Demo.app */;
			productType = "com.apple.product-type.application";
		};
/* End PBXNativeTarget section */

/* Begin PBXProject section */
		7B4A36051F35E6FA009A6364 /* Project object */ = {
			isa = PBXProject;
			attributes = {
				LastSwiftUpdateCheck = 0900;
				LastUpgradeCheck = 0900;
				ORGANIZATIONNAME = MachineThink;
				TargetAttributes = {
					7B4A360C1F35E6FA009A6364 = {
						CreatedOnToolsVersion = 9.0;
					};
				};
			};
			buildConfigurationList = 7B4A36081F35E6FA009A6364 /* Build configuration list for PBXProject "Demo" */;
			compatibilityVersion = "Xcode 8.0";
			developmentRegion = en;
			hasScannedForEncodings = 0;
			knownRegions = (
				en,
				Base,
			);
			mainGroup = 7B4A36041F35E6FA009A6364;
			productRefGroup = 7B4A360E1F35E6FA009A6364 /* Products */;
			projectDirPath = "";
			projectRoot = "";
			targets = (
				7B4A360C1F35E6FA009A6364 /* Demo */,
			);
		};
/* End PBXProject section */

/* Begin PBXResourcesBuildPhase section */
		7B4A360B1F35E6FA009A6364 /* Resources */ = {
			isa = PBXResourcesBuildPhase;
			buildActionMask = 2147483647;
			files = (
				7B4A361B1F35E6FA009A6364 /* LaunchScreen.storyboard in Resources */,
				7B4A36181F35E6FA009A6364 /* Assets.xcassets in Resources */,
				7B4A36281F35EA6E009A6364 /* cat.jpg in Resources */,
				7B4A36161F35E6FA009A6364 /* Main.storyboard in Resources */,
			);
			runOnlyForDeploymentPostprocessing = 0;
		};
/* End PBXResourcesBuildPhase section */

/* Begin PBXSourcesBuildPhase section */
		7B4A36091F35E6FA009A6364 /* Sources */ = {
			isa = PBXSourcesBuildPhase;
			buildActionMask = 2147483647;
			files = (
				7B4A36131F35E6FA009A6364 /* ViewController.swift in Sources */,
				7B4A36251F35E760009A6364 /* UIImage+CVPixelBuffer.swift in Sources */,
				7B4A362E1F35F062009A6364 /* CVPixelBuffer+Helpers.swift in Sources */,
				7B43E9B21F361DBF0034B9BA /* Predictions.swift in Sources */,
				7B4A36261F35E760009A6364 /* Array.swift in Sources */,
				7B4A36341F35F83E009A6364 /* MultiArray.swift in Sources */,
				7B43E9B31F3643190034B9BA /* NonMaxSuppression.swift in Sources */,
				7B4A36111F35E6FA009A6364 /* AppDelegate.swift in Sources */,
			);
			runOnlyForDeploymentPostprocessing = 0;
		};
/* End PBXSourcesBuildPhase section */

/* Begin PBXVariantGroup section */
		7B4A36141F35E6FA009A6364 /* Main.storyboard */ = {
			isa = PBXVariantGroup;
			children = (
				7B4A36151F35E6FA009A6364 /* Base */,
			);
			name = Main.storyboard;
			sourceTree = "<group>";
		};
		7B4A36191F35E6FA009A6364 /* LaunchScreen.storyboard */ = {
			isa = PBXVariantGroup;
			children = (
				7B4A361A1F35E6FA009A6364 /* Base */,
			);
			name = LaunchScreen.storyboard;
			sourceTree = "<group>";
		};
/* End PBXVariantGroup section */

/* Begin XCBuildConfiguration section */
		7B4A361D1F35E6FA009A6364 /* Debug */ = {
			isa = XCBuildConfiguration;
			buildSettings = {
				ALWAYS_SEARCH_USER_PATHS = NO;
				CLANG_ANALYZER_NONNULL = YES;
				CLANG_ANALYZER_NUMBER_OBJECT_CONVERSION = YES_AGGRESSIVE;
				CLANG_CXX_LANGUAGE_STANDARD = "gnu++14";
				CLANG_CXX_LIBRARY = "libc++";
				CLANG_ENABLE_MODULES = YES;
				CLANG_ENABLE_OBJC_ARC = YES;
				CLANG_WARN_BLOCK_CAPTURE_AUTORELEASING = YES;
				CLANG_WARN_BOOL_CONVERSION = YES;
				CLANG_WARN_COMMA = YES;
				CLANG_WARN_CONSTANT_CONVERSION = YES;
				CLANG_WARN_DIRECT_OBJC_ISA_USAGE = YES_ERROR;
				CLANG_WARN_DOCUMENTATION_COMMENTS = YES;
				CLANG_WARN_EMPTY_BODY = YES;
				CLANG_WARN_ENUM_CONVERSION = YES;
				CLANG_WARN_INFINITE_RECURSION = YES;
				CLANG_WARN_INT_CONVERSION = YES;
				CLANG_WARN_NON_LITERAL_NULL_CONVERSION = YES;
				CLANG_WARN_OBJC_LITERAL_CONVERSION = YES;
				CLANG_WARN_OBJC_ROOT_CLASS = YES_ERROR;
				CLANG_WARN_RANGE_LOOP_ANALYSIS = YES;
				CLANG_WARN_STRICT_PROTOTYPES = YES;
				CLANG_WARN_SUSPICIOUS_MOVE = YES;
				CLANG_WARN_UNGUARDED_AVAILABILITY = YES_AGGRESSIVE;
				CLANG_WARN_UNREACHABLE_CODE = YES;
				CLANG_WARN__DUPLICATE_METHOD_MATCH = YES;
				CODE_SIGN_IDENTITY = "iPhone Developer";
				COPY_PHASE_STRIP = NO;
				DEBUG_INFORMATION_FORMAT = dwarf;
				ENABLE_STRICT_OBJC_MSGSEND = YES;
				ENABLE_TESTABILITY = YES;
				GCC_C_LANGUAGE_STANDARD = gnu11;
				GCC_DYNAMIC_NO_PIC = NO;
				GCC_NO_COMMON_BLOCKS = YES;
				GCC_OPTIMIZATION_LEVEL = 0;
				GCC_PREPROCESSOR_DEFINITIONS = (
					"DEBUG=1",
					"$(inherited)",
				);
				GCC_WARN_64_TO_32_BIT_CONVERSION = YES;
				GCC_WARN_ABOUT_RETURN_TYPE = YES_ERROR;
				GCC_WARN_UNDECLARED_SELECTOR = YES;
				GCC_WARN_UNINITIALIZED_AUTOS = YES_AGGRESSIVE;
				GCC_WARN_UNUSED_FUNCTION = YES;
				GCC_WARN_UNUSED_VARIABLE = YES;
				IPHONEOS_DEPLOYMENT_TARGET = 11.0;
				MTL_ENABLE_DEBUG_INFO = YES;
				ONLY_ACTIVE_ARCH = YES;
				SDKROOT = iphoneos;
				SWIFT_ACTIVE_COMPILATION_CONDITIONS = DEBUG;
				SWIFT_OPTIMIZATION_LEVEL = "-Onone";
			};
			name = Debug;
		};
		7B4A361E1F35E6FA009A6364 /* Release */ = {
			isa = XCBuildConfiguration;
			buildSettings = {
				ALWAYS_SEARCH_USER_PATHS = NO;
				CLANG_ANALYZER_NONNULL = YES;
				CLANG_ANALYZER_NUMBER_OBJECT_CONVERSION = YES_AGGRESSIVE;
				CLANG_CXX_LANGUAGE_STANDARD = "gnu++14";
				CLANG_CXX_LIBRARY = "libc++";
				CLANG_ENABLE_MODULES = YES;
				CLANG_ENABLE_OBJC_ARC = YES;
				CLANG_WARN_BLOCK_CAPTURE_AUTORELEASING = YES;
				CLANG_WARN_BOOL_CONVERSION = YES;
				CLANG_WARN_COMMA = YES;
				CLANG_WARN_CONSTANT_CONVERSION = YES;
				CLANG_WARN_DIRECT_OBJC_ISA_USAGE = YES_ERROR;
				CLANG_WARN_DOCUMENTATION_COMMENTS = YES;
				CLANG_WARN_EMPTY_BODY = YES;
				CLANG_WARN_ENUM_CONVERSION = YES;
				CLANG_WARN_INFINITE_RECURSION = YES;
				CLANG_WARN_INT_CONVERSION = YES;
				CLANG_WARN_NON_LITERAL_NULL_CONVERSION = YES;
				CLANG_WARN_OBJC_LITERAL_CONVERSION = YES;
				CLANG_WARN_OBJC_ROOT_CLASS = YES_ERROR;
				CLANG_WARN_RANGE_LOOP_ANALYSIS = YES;
				CLANG_WARN_STRICT_PROTOTYPES = YES;
				CLANG_WARN_SUSPICIOUS_MOVE = YES;
				CLANG_WARN_UNGUARDED_AVAILABILITY = YES_AGGRESSIVE;
				CLANG_WARN_UNREACHABLE_CODE = YES;
				CLANG_WARN__DUPLICATE_METHOD_MATCH = YES;
				CODE_SIGN_IDENTITY = "iPhone Developer";
				COPY_PHASE_STRIP = NO;
				DEBUG_INFORMATION_FORMAT = "dwarf-with-dsym";
				ENABLE_NS_ASSERTIONS = NO;
				ENABLE_STRICT_OBJC_MSGSEND = YES;
				GCC_C_LANGUAGE_STANDARD = gnu11;
				GCC_NO_COMMON_BLOCKS = YES;
				GCC_WARN_64_TO_32_BIT_CONVERSION = YES;
				GCC_WARN_ABOUT_RETURN_TYPE = YES_ERROR;
				GCC_WARN_UNDECLARED_SELECTOR = YES;
				GCC_WARN_UNINITIALIZED_AUTOS = YES_AGGRESSIVE;
				GCC_WARN_UNUSED_FUNCTION = YES;
				GCC_WARN_UNUSED_VARIABLE = YES;
				IPHONEOS_DEPLOYMENT_TARGET = 11.0;
				MTL_ENABLE_DEBUG_INFO = NO;
				SDKROOT = iphoneos;
				SWIFT_OPTIMIZATION_LEVEL = "-Owholemodule";
				VALIDATE_PRODUCT = YES;
			};
			name = Release;
		};
		7B4A36201F35E6FA009A6364 /* Debug */ = {
			isa = XCBuildConfiguration;
			buildSettings = {
				ASSETCATALOG_COMPILER_APPICON_NAME = AppIcon;
				DEVELOPMENT_TEAM = MGCEKGP4Y4;
				INFOPLIST_FILE = Demo/Info.plist;
				LD_RUNPATH_SEARCH_PATHS = "$(inherited) @executable_path/Frameworks";
				PRODUCT_BUNDLE_IDENTIFIER = net.machinethink.Demo;
				PRODUCT_NAME = "$(TARGET_NAME)";
				SWIFT_VERSION = 4.0;
				TARGETED_DEVICE_FAMILY = "1,2";
			};
			name = Debug;
		};
		7B4A36211F35E6FA009A6364 /* Release */ = {
			isa = XCBuildConfiguration;
			buildSettings = {
				ASSETCATALOG_COMPILER_APPICON_NAME = AppIcon;
				DEVELOPMENT_TEAM = MGCEKGP4Y4;
				INFOPLIST_FILE = Demo/Info.plist;
				LD_RUNPATH_SEARCH_PATHS = "$(inherited) @executable_path/Frameworks";
				PRODUCT_BUNDLE_IDENTIFIER = net.machinethink.Demo;
				PRODUCT_NAME = "$(TARGET_NAME)";
				SWIFT_VERSION = 4.0;
				TARGETED_DEVICE_FAMILY = "1,2";
			};
			name = Release;
		};
/* End XCBuildConfiguration section */

/* Begin XCConfigurationList section */
		7B4A36081F35E6FA009A6364 /* Build configuration list for PBXProject "Demo" */ = {
			isa = XCConfigurationList;
			buildConfigurations = (
				7B4A361D1F35E6FA009A6364 /* Debug */,
				7B4A361E1F35E6FA009A6364 /* Release */,
			);
			defaultConfigurationIsVisible = 0;
			defaultConfigurationName = Release;
		};
		7B4A361F1F35E6FA009A6364 /* Build configuration list for PBXNativeTarget "Demo" */ = {
			isa = XCConfigurationList;
			buildConfigurations = (
				7B4A36201F35E6FA009A6364 /* Debug */,
				7B4A36211F35E6FA009A6364 /* Release */,
			);
			defaultConfigurationIsVisible = 0;
			defaultConfigurationName = Release;
		};
/* End XCConfigurationList section */
	};
	rootObject = 7B4A36051F35E6FA009A6364 /* Project object */;
}
