// !$*UTF8*$!
{
	archiveVersion = 1;
	classes = {
	};
	objectVersion = 52;
	objects = {

/* Begin PBXBuildFile section */
		3D6A419828C6ECBF00DC2EA9 /* CoreMLHelpers in Resources */ = {isa = PBXBuildFile; fileRef = 3D6A419628C6EC9400DC2EA9 /* CoreMLHelpers */; };
		3D6A419928C6ECD200DC2EA9 /* CoreMLHelpers in Resources */ = {isa = PBXBuildFile; fileRef = 3D6A419628C6EC9400DC2EA9 /* CoreMLHelpers */; };
		3D6A419C28C6ED0A00DC2EA9 /* CoreMLHelpers in Frameworks */ = {isa = PBXBuildFile; productRef = 3D6A419B28C6ED0A00DC2EA9 /* CoreMLHelpers */; };
		7B4A36111F35E6FA009A6364 /* AppDelegate.swift in Sources */ = {isa = PBXBuildFile; fileRef = 7B4A36101F35E6FA009A6364 /* AppDelegate.swift */; };
		7B4A36131F35E6FA009A6364 /* ImageViewController.swift in Sources */ = {isa = PBXBuildFile; fileRef = 7B4A36121F35E6FA009A6364 /* ImageViewController.swift */; };
		7B4A36161F35E6FA009A6364 /* Main.storyboard in Resources */ = {isa = PBXBuildFile; fileRef = 7B4A36141F35E6FA009A6364 /* Main.storyboard */; };
		7B4A36181F35E6FA009A6364 /* Assets.xcassets in Resources */ = {isa = PBXBuildFile; fileRef = 7B4A36171F35E6FA009A6364 /* Assets.xcassets */; };
		7B4A361B1F35E6FA009A6364 /* LaunchScreen.storyboard in Resources */ = {isa = PBXBuildFile; fileRef = 7B4A36191F35E6FA009A6364 /* LaunchScreen.storyboard */; };
		7B4A36281F35EA6E009A6364 /* cat.jpg in Resources */ = {isa = PBXBuildFile; fileRef = 7B4A36271F35EA6E009A6364 /* cat.jpg */; };
		7B4AFF7F1F40863100AF62F3 /* MultiArrayTests.swift in Sources */ = {isa = PBXBuildFile; fileRef = 7B4AFF7E1F40863100AF62F3 /* MultiArrayTests.swift */; };
		7B4AFFA51F408CD000AF62F3 /* MenuViewController.swift in Sources */ = {isa = PBXBuildFile; fileRef = 7B4AFFA41F408CD000AF62F3 /* MenuViewController.swift */; };
		7B4AFFA71F408E4500AF62F3 /* NMSViewController.swift in Sources */ = {isa = PBXBuildFile; fileRef = 7B4AFFA61F408E4500AF62F3 /* NMSViewController.swift */; };
		7B4AFFA91F408FAB00AF62F3 /* BoundingBoxView.swift in Sources */ = {isa = PBXBuildFile; fileRef = 7B4AFFA81F408FAB00AF62F3 /* BoundingBoxView.swift */; };
		7B5603661F470A1D004635EE /* cat.bin in Resources */ = {isa = PBXBuildFile; fileRef = 7B5603651F470A1D004635EE /* cat.bin */; };
/* End PBXBuildFile section */

/* Begin PBXContainerItemProxy section */
		7B4AFF811F40863100AF62F3 /* PBXContainerItemProxy */ = {
			isa = PBXContainerItemProxy;
			containerPortal = 7B4A36051F35E6FA009A6364 /* Project object */;
			proxyType = 1;
			remoteGlobalIDString = 7B4A360C1F35E6FA009A6364;
			remoteInfo = Demo;
		};
/* End PBXContainerItemProxy section */

/* Begin PBXCopyFilesBuildPhase section */
		7B4AFF971F40874000AF62F3 /* Embed Frameworks */ = {
			isa = PBXCopyFilesBuildPhase;
			buildActionMask = 2147483647;
			dstPath = "";
			dstSubfolderSpec = 10;
			files = (
			);
			name = "Embed Frameworks";
			runOnlyForDeploymentPostprocessing = 0;
		};
/* End PBXCopyFilesBuildPhase section */

/* Begin PBXFileReference section */
		3D6A419628C6EC9400DC2EA9 /* CoreMLHelpers */ = {isa = PBXFileReference; lastKnownFileType = wrapper; name = CoreMLHelpers; path = ..; sourceTree = "<group>"; };
		7B4A360D1F35E6FA009A6364 /* Demo.app */ = {isa = PBXFileReference; explicitFileType = wrapper.application; includeInIndex = 0; path = Demo.app; sourceTree = BUILT_PRODUCTS_DIR; };
		7B4A36101F35E6FA009A6364 /* AppDelegate.swift */ = {isa = PBXFileReference; lastKnownFileType = sourcecode.swift; path = AppDelegate.swift; sourceTree = "<group>"; };
		7B4A36121F35E6FA009A6364 /* ImageViewController.swift */ = {isa = PBXFileReference; lastKnownFileType = sourcecode.swift; path = ImageViewController.swift; sourceTree = "<group>"; };
		7B4A36151F35E6FA009A6364 /* Base */ = {isa = PBXFileReference; lastKnownFileType = file.storyboard; name = Base; path = Base.lproj/Main.storyboard; sourceTree = "<group>"; };
		7B4A36171F35E6FA009A6364 /* Assets.xcassets */ = {isa = PBXFileReference; lastKnownFileType = folder.assetcatalog; path = Assets.xcassets; sourceTree = "<group>"; };
		7B4A361A1F35E6FA009A6364 /* Base */ = {isa = PBXFileReference; lastKnownFileType = file.storyboard; name = Base; path = Base.lproj/LaunchScreen.storyboard; sourceTree = "<group>"; };
		7B4A361C1F35E6FA009A6364 /* Info.plist */ = {isa = PBXFileReference; lastKnownFileType = text.plist.xml; path = Info.plist; sourceTree = "<group>"; };
		7B4A36271F35EA6E009A6364 /* cat.jpg */ = {isa = PBXFileReference; lastKnownFileType = image.jpeg; name = cat.jpg; path = ../Images/cat.jpg; sourceTree = SOURCE_ROOT; };
		7B4AFF7C1F40863100AF62F3 /* Tests.xctest */ = {isa = PBXFileReference; explicitFileType = wrapper.cfbundle; includeInIndex = 0; path = Tests.xctest; sourceTree = BUILT_PRODUCTS_DIR; };
		7B4AFF7E1F40863100AF62F3 /* MultiArrayTests.swift */ = {isa = PBXFileReference; lastKnownFileType = sourcecode.swift; path = MultiArrayTests.swift; sourceTree = "<group>"; };
		7B4AFF801F40863100AF62F3 /* Info.plist */ = {isa = PBXFileReference; lastKnownFileType = text.plist.xml; path = Info.plist; sourceTree = "<group>"; };
		7B4AFFA41F408CD000AF62F3 /* MenuViewController.swift */ = {isa = PBXFileReference; lastKnownFileType = sourcecode.swift; path = MenuViewController.swift; sourceTree = "<group>"; };
		7B4AFFA61F408E4500AF62F3 /* NMSViewController.swift */ = {isa = PBXFileReference; lastKnownFileType = sourcecode.swift; path = NMSViewController.swift; sourceTree = "<group>"; };
		7B4AFFA81F408FAB00AF62F3 /* BoundingBoxView.swift */ = {isa = PBXFileReference; fileEncoding = 4; lastKnownFileType = sourcecode.swift; path = BoundingBoxView.swift; sourceTree = "<group>"; };
		7B5603651F470A1D004635EE /* cat.bin */ = {isa = PBXFileReference; lastKnownFileType = archive.macbinary; name = cat.bin; path = ../../Images/cat.bin; sourceTree = "<group>"; };
/* End PBXFileReference section */

/* Begin PBXFrameworksBuildPhase section */
		7B4A360A1F35E6FA009A6364 /* Frameworks */ = {
			isa = PBXFrameworksBuildPhase;
			buildActionMask = 2147483647;
			files = (
				3D6A419C28C6ED0A00DC2EA9 /* CoreMLHelpers in Frameworks */,
			);
			runOnlyForDeploymentPostprocessing = 0;
		};
		7B4AFF791F40863100AF62F3 /* Frameworks */ = {
			isa = PBXFrameworksBuildPhase;
			buildActionMask = 2147483647;
			files = (
			);
			runOnlyForDeploymentPostprocessing = 0;
		};
/* End PBXFrameworksBuildPhase section */

/* Begin PBXGroup section */
		3D6A419528C6EC9400DC2EA9 /* Packages */ = {
			isa = PBXGroup;
			children = (
				3D6A419628C6EC9400DC2EA9 /* CoreMLHelpers */,
			);
			name = Packages;
			sourceTree = "<group>";
		};
		3D6A419A28C6ED0500DC2EA9 /* Frameworks */ = {
			isa = PBXGroup;
			children = (
			);
			name = Frameworks;
			sourceTree = "<group>";
		};
		7B4A36041F35E6FA009A6364 = {
			isa = PBXGroup;
			children = (
				3D6A419528C6EC9400DC2EA9 /* Packages */,
				7B4A360F1F35E6FA009A6364 /* Demo */,
				7B4AFF7D1F40863100AF62F3 /* Tests */,
				7B4A360E1F35E6FA009A6364 /* Products */,
				3D6A419A28C6ED0500DC2EA9 /* Frameworks */,
			);
			sourceTree = "<group>";
		};
		7B4A360E1F35E6FA009A6364 /* Products */ = {
			isa = PBXGroup;
			children = (
				7B4A360D1F35E6FA009A6364 /* Demo.app */,
				7B4AFF7C1F40863100AF62F3 /* Tests.xctest */,
			);
			name = Products;
			sourceTree = "<group>";
		};
		7B4A360F1F35E6FA009A6364 /* Demo */ = {
			isa = PBXGroup;
			children = (
				7B4A362A1F35EA83009A6364 /* Sources */,
				7B4A36291F35EA74009A6364 /* Resources */,
			);
			path = Demo;
			sourceTree = "<group>";
		};
		7B4A36291F35EA74009A6364 /* Resources */ = {
			isa = PBXGroup;
			children = (
				7B5603651F470A1D004635EE /* cat.bin */,
				7B4A36271F35EA6E009A6364 /* cat.jpg */,
				7B4A36171F35E6FA009A6364 /* Assets.xcassets */,
				7B4A36141F35E6FA009A6364 /* Main.storyboard */,
				7B4A36191F35E6FA009A6364 /* LaunchScreen.storyboard */,
				7B4A361C1F35E6FA009A6364 /* Info.plist */,
			);
			name = Resources;
			sourceTree = "<group>";
		};
		7B4A362A1F35EA83009A6364 /* Sources */ = {
			isa = PBXGroup;
			children = (
				7B4A36101F35E6FA009A6364 /* AppDelegate.swift */,
				7B4AFFA81F408FAB00AF62F3 /* BoundingBoxView.swift */,
				7B4A36121F35E6FA009A6364 /* ImageViewController.swift */,
				7B4AFFA41F408CD000AF62F3 /* MenuViewController.swift */,
				7B4AFFA61F408E4500AF62F3 /* NMSViewController.swift */,
			);
			name = Sources;
			sourceTree = "<group>";
		};
		7B4AFF7D1F40863100AF62F3 /* Tests */ = {
			isa = PBXGroup;
			children = (
				7B4AFF7E1F40863100AF62F3 /* MultiArrayTests.swift */,
				7B4AFF801F40863100AF62F3 /* Info.plist */,
			);
			path = Tests;
			sourceTree = "<group>";
		};
/* End PBXGroup section */

/* Begin PBXNativeTarget section */
		7B4A360C1F35E6FA009A6364 /* Demo */ = {
			isa = PBXNativeTarget;
			buildConfigurationList = 7B4A361F1F35E6FA009A6364 /* Build configuration list for PBXNativeTarget "Demo" */;
			buildPhases = (
				7B4A36091F35E6FA009A6364 /* Sources */,
				7B4A360A1F35E6FA009A6364 /* Frameworks */,
				7B4A360B1F35E6FA009A6364 /* Resources */,
				7B4AFF971F40874000AF62F3 /* Embed Frameworks */,
			);
			buildRules = (
			);
			dependencies = (
			);
			name = Demo;
			packageProductDependencies = (
				3D6A419B28C6ED0A00DC2EA9 /* CoreMLHelpers */,
			);
			productName = Demo;
			productReference = 7B4A360D1F35E6FA009A6364 /* Demo.app */;
			productType = "com.apple.product-type.application";
		};
		7B4AFF7B1F40863100AF62F3 /* Tests */ = {
			isa = PBXNativeTarget;
			buildConfigurationList = 7B4AFF851F40863100AF62F3 /* Build configuration list for PBXNativeTarget "Tests" */;
			buildPhases = (
				7B4AFF781F40863100AF62F3 /* Sources */,
				7B4AFF791F40863100AF62F3 /* Frameworks */,
				7B4AFF7A1F40863100AF62F3 /* Resources */,
			);
			buildRules = (
			);
			dependencies = (
				7B4AFF821F40863100AF62F3 /* PBXTargetDependency */,
			);
			name = Tests;
			productName = Tests;
			productReference = 7B4AFF7C1F40863100AF62F3 /* Tests.xctest */;
			productType = "com.apple.product-type.bundle.unit-test";
		};
/* End PBXNativeTarget section */

/* Begin PBXProject section */
		7B4A36051F35E6FA009A6364 /* Project object */ = {
			isa = PBXProject;
			attributes = {
				LastSwiftUpdateCheck = 0900;
				LastUpgradeCheck = 1230;
				ORGANIZATIONNAME = MachineThink;
				TargetAttributes = {
					7B4A360C1F35E6FA009A6364 = {
						CreatedOnToolsVersion = 9.0;
						LastSwiftMigration = 1020;
					};
					7B4AFF7B1F40863100AF62F3 = {
						CreatedOnToolsVersion = 9.0;
						LastSwiftMigration = 1020;
						TestTargetID = 7B4A360C1F35E6FA009A6364;
					};
				};
			};
			buildConfigurationList = 7B4A36081F35E6FA009A6364 /* Build configuration list for PBXProject "Demo" */;
			compatibilityVersion = "Xcode 8.0";
			developmentRegion = en;
			hasScannedForEncodings = 0;
			knownRegions = (
				en,
				Base,
			);
			mainGroup = 7B4A36041F35E6FA009A6364;
			productRefGroup = 7B4A360E1F35E6FA009A6364 /* Products */;
			projectDirPath = "";
			projectRoot = "";
			targets = (
				7B4A360C1F35E6FA009A6364 /* Demo */,
				7B4AFF7B1F40863100AF62F3 /* Tests */,
			);
		};
/* End PBXProject section */

/* Begin PBXResourcesBuildPhase section */
		7B4A360B1F35E6FA009A6364 /* Resources */ = {
			isa = PBXResourcesBuildPhase;
			buildActionMask = 2147483647;
			files = (
				7B4A361B1F35E6FA009A6364 /* LaunchScreen.storyboard in Resources */,
				7B4A36181F35E6FA009A6364 /* Assets.xcassets in Resources */,
				7B4A36281F35EA6E009A6364 /* cat.jpg in Resources */,
				7B4A36161F35E6FA009A6364 /* Main.storyboard in Resources */,
				3D6A419828C6ECBF00DC2EA9 /* CoreMLHelpers in Resources */,
				7B5603661F470A1D004635EE /* cat.bin in Resources */,
			);
			runOnlyForDeploymentPostprocessing = 0;
		};
		7B4AFF7A1F40863100AF62F3 /* Resources */ = {
			isa = PBXResourcesBuildPhase;
			buildActionMask = 2147483647;
			files = (
				3D6A419928C6ECD200DC2EA9 /* CoreMLHelpers in Resources */,
			);
			runOnlyForDeploymentPostprocessing = 0;
		};
/* End PBXResourcesBuildPhase section */

/* Begin PBXSourcesBuildPhase section */
		7B4A36091F35E6FA009A6364 /* Sources */ = {
			isa = PBXSourcesBuildPhase;
			buildActionMask = 2147483647;
			files = (
				7B4AFFA91F408FAB00AF62F3 /* BoundingBoxView.swift in Sources */,
				7B4A36131F35E6FA009A6364 /* ImageViewController.swift in Sources */,
				7B4AFFA51F408CD000AF62F3 /* MenuViewController.swift in Sources */,
				7B4A36111F35E6FA009A6364 /* AppDelegate.swift in Sources */,
				7B4AFFA71F408E4500AF62F3 /* NMSViewController.swift in Sources */,
			);
			runOnlyForDeploymentPostprocessing = 0;
		};
		7B4AFF781F40863100AF62F3 /* Sources */ = {
			isa = PBXSourcesBuildPhase;
			buildActionMask = 2147483647;
			files = (
				7B4AFF7F1F40863100AF62F3 /* MultiArrayTests.swift in Sources */,
			);
			runOnlyForDeploymentPostprocessing = 0;
		};
/* End PBXSourcesBuildPhase section */

/* Begin PBXTargetDependency section */
		7B4AFF821F40863100AF62F3 /* PBXTargetDependency */ = {
			isa = PBXTargetDependency;
			target = 7B4A360C1F35E6FA009A6364 /* Demo */;
			targetProxy = 7B4AFF811F40863100AF62F3 /* PBXContainerItemProxy */;
		};
/* End PBXTargetDependency section */

/* Begin PBXVariantGroup section */
		7B4A36141F35E6FA009A6364 /* Main.storyboard */ = {
			isa = PBXVariantGroup;
			children = (
				7B4A36151F35E6FA009A6364 /* Base */,
			);
			name = Main.storyboard;
			sourceTree = "<group>";
		};
		7B4A36191F35E6FA009A6364 /* LaunchScreen.storyboard */ = {
			isa = PBXVariantGroup;
			children = (
				7B4A361A1F35E6FA009A6364 /* Base */,
			);
			name = LaunchScreen.storyboard;
			sourceTree = "<group>";
		};
/* End PBXVariantGroup section */

/* Begin XCBuildConfiguration section */
		7B4A361D1F35E6FA009A6364 /* Debug */ = {
			isa = XCBuildConfiguration;
			buildSettings = {
				ALWAYS_SEARCH_USER_PATHS = NO;
				CLANG_ANALYZER_NONNULL = YES;
				CLANG_ANALYZER_NUMBER_OBJECT_CONVERSION = YES_AGGRESSIVE;
				CLANG_CXX_LANGUAGE_STANDARD = "gnu++14";
				CLANG_CXX_LIBRARY = "libc++";
				CLANG_ENABLE_MODULES = YES;
				CLANG_ENABLE_OBJC_ARC = YES;
				CLANG_WARN_BLOCK_CAPTURE_AUTORELEASING = YES;
				CLANG_WARN_BOOL_CONVERSION = YES;
				CLANG_WARN_COMMA = YES;
				CLANG_WARN_CONSTANT_CONVERSION = YES;
				CLANG_WARN_DEPRECATED_OBJC_IMPLEMENTATIONS = YES;
				CLANG_WARN_DIRECT_OBJC_ISA_USAGE = YES_ERROR;
				CLANG_WARN_DOCUMENTATION_COMMENTS = YES;
				CLANG_WARN_EMPTY_BODY = YES;
				CLANG_WARN_ENUM_CONVERSION = YES;
				CLANG_WARN_INFINITE_RECURSION = YES;
				CLANG_WARN_INT_CONVERSION = YES;
				CLANG_WARN_NON_LITERAL_NULL_CONVERSION = YES;
				CLANG_WARN_OBJC_IMPLICIT_RETAIN_SELF = YES;
				CLANG_WARN_OBJC_LITERAL_CONVERSION = YES;
				CLANG_WARN_OBJC_ROOT_CLASS = YES_ERROR;
				CLANG_WARN_QUOTED_INCLUDE_IN_FRAMEWORK_HEADER = YES;
				CLANG_WARN_RANGE_LOOP_ANALYSIS = YES;
				CLANG_WARN_STRICT_PROTOTYPES = YES;
				CLANG_WARN_SUSPICIOUS_MOVE = YES;
				CLANG_WARN_UNGUARDED_AVAILABILITY = YES_AGGRESSIVE;
				CLANG_WARN_UNREACHABLE_CODE = YES;
				CLANG_WARN__DUPLICATE_METHOD_MATCH = YES;
				CODE_SIGN_IDENTITY = "iPhone Developer";
				COPY_PHASE_STRIP = NO;
				DEBUG_INFORMATION_FORMAT = dwarf;
				ENABLE_STRICT_OBJC_MSGSEND = YES;
				ENABLE_TESTABILITY = YES;
				GCC_C_LANGUAGE_STANDARD = gnu11;
				GCC_DYNAMIC_NO_PIC = NO;
				GCC_NO_COMMON_BLOCKS = YES;
				GCC_OPTIMIZATION_LEVEL = 0;
				GCC_PREPROCESSOR_DEFINITIONS = (
					"DEBUG=1",
					"$(inherited)",
				);
				GCC_WARN_64_TO_32_BIT_CONVERSION = YES;
				GCC_WARN_ABOUT_RETURN_TYPE = YES_ERROR;
				GCC_WARN_UNDECLARED_SELECTOR = YES;
				GCC_WARN_UNINITIALIZED_AUTOS = YES_AGGRESSIVE;
				GCC_WARN_UNUSED_FUNCTION = YES;
				GCC_WARN_UNUSED_VARIABLE = YES;
				IPHONEOS_DEPLOYMENT_TARGET = 12.0;
				MTL_ENABLE_DEBUG_INFO = YES;
				ONLY_ACTIVE_ARCH = YES;
				SDKROOT = iphoneos;
				SWIFT_ACTIVE_COMPILATION_CONDITIONS = DEBUG;
				SWIFT_OPTIMIZATION_LEVEL = "-Onone";
			};
			name = Debug;
		};
		7B4A361E1F35E6FA009A6364 /* Release */ = {
			isa = XCBuildConfiguration;
			buildSettings = {
				ALWAYS_SEARCH_USER_PATHS = NO;
				CLANG_ANALYZER_NONNULL = YES;
				CLANG_ANALYZER_NUMBER_OBJECT_CONVERSION = YES_AGGRESSIVE;
				CLANG_CXX_LANGUAGE_STANDARD = "gnu++14";
				CLANG_CXX_LIBRARY = "libc++";
				CLANG_ENABLE_MODULES = YES;
				CLANG_ENABLE_OBJC_ARC = YES;
				CLANG_WARN_BLOCK_CAPTURE_AUTORELEASING = YES;
				CLANG_WARN_BOOL_CONVERSION = YES;
				CLANG_WARN_COMMA = YES;
				CLANG_WARN_CONSTANT_CONVERSION = YES;
				CLANG_WARN_DEPRECATED_OBJC_IMPLEMENTATIONS = YES;
				CLANG_WARN_DIRECT_OBJC_ISA_USAGE = YES_ERROR;
				CLANG_WARN_DOCUMENTATION_COMMENTS = YES;
				CLANG_WARN_EMPTY_BODY = YES;
				CLANG_WARN_ENUM_CONVERSION = YES;
				CLANG_WARN_INFINITE_RECURSION = YES;
				CLANG_WARN_INT_CONVERSION = YES;
				CLANG_WARN_NON_LITERAL_NULL_CONVERSION = YES;
				CLANG_WARN_OBJC_IMPLICIT_RETAIN_SELF = YES;
				CLANG_WARN_OBJC_LITERAL_CONVERSION = YES;
				CLANG_WARN_OBJC_ROOT_CLASS = YES_ERROR;
				CLANG_WARN_QUOTED_INCLUDE_IN_FRAMEWORK_HEADER = YES;
				CLANG_WARN_RANGE_LOOP_ANALYSIS = YES;
				CLANG_WARN_STRICT_PROTOTYPES = YES;
				CLANG_WARN_SUSPICIOUS_MOVE = YES;
				CLANG_WARN_UNGUARDED_AVAILABILITY = YES_AGGRESSIVE;
				CLANG_WARN_UNREACHABLE_CODE = YES;
				CLANG_WARN__DUPLICATE_METHOD_MATCH = YES;
				CODE_SIGN_IDENTITY = "iPhone Developer";
				COPY_PHASE_STRIP = NO;
				DEBUG_INFORMATION_FORMAT = "dwarf-with-dsym";
				ENABLE_NS_ASSERTIONS = NO;
				ENABLE_STRICT_OBJC_MSGSEND = YES;
				GCC_C_LANGUAGE_STANDARD = gnu11;
				GCC_NO_COMMON_BLOCKS = YES;
				GCC_WARN_64_TO_32_BIT_CONVERSION = YES;
				GCC_WARN_ABOUT_RETURN_TYPE = YES_ERROR;
				GCC_WARN_UNDECLARED_SELECTOR = YES;
				GCC_WARN_UNINITIALIZED_AUTOS = YES_AGGRESSIVE;
				GCC_WARN_UNUSED_FUNCTION = YES;
				GCC_WARN_UNUSED_VARIABLE = YES;
				IPHONEOS_DEPLOYMENT_TARGET = 12.0;
				MTL_ENABLE_DEBUG_INFO = NO;
				SDKROOT = iphoneos;
				SWIFT_COMPILATION_MODE = wholemodule;
				SWIFT_OPTIMIZATION_LEVEL = "-O";
				VALIDATE_PRODUCT = YES;
			};
			name = Release;
		};
		7B4A36201F35E6FA009A6364 /* Debug */ = {
			isa = XCBuildConfiguration;
			buildSettings = {
				ASSETCATALOG_COMPILER_APPICON_NAME = AppIcon;
				DEVELOPMENT_TEAM = D854RS5QS7;
				INFOPLIST_FILE = Demo/Info.plist;
				LD_RUNPATH_SEARCH_PATHS = (
					"$(inherited)",
					"@executable_path/Frameworks",
				);
				PRODUCT_BUNDLE_IDENTIFIER = net.machinethink.Demo;
				PRODUCT_NAME = "$(TARGET_NAME)";
				SWIFT_VERSION = 5.0;
				TARGETED_DEVICE_FAMILY = "1,2";
			};
			name = Debug;
		};
		7B4A36211F35E6FA009A6364 /* Release */ = {
			isa = XCBuildConfiguration;
			buildSettings = {
				ASSETCATALOG_COMPILER_APPICON_NAME = AppIcon;
				DEVELOPMENT_TEAM = D854RS5QS7;
				INFOPLIST_FILE = Demo/Info.plist;
				LD_RUNPATH_SEARCH_PATHS = (
					"$(inherited)",
					"@executable_path/Frameworks",
				);
				PRODUCT_BUNDLE_IDENTIFIER = net.machinethink.Demo;
				PRODUCT_NAME = "$(TARGET_NAME)";
				SWIFT_VERSION = 5.0;
				TARGETED_DEVICE_FAMILY = "1,2";
			};
			name = Release;
		};
		7B4AFF831F40863100AF62F3 /* Debug */ = {
			isa = XCBuildConfiguration;
			buildSettings = {
				BUNDLE_LOADER = "$(TEST_HOST)";
				DEVELOPMENT_TEAM = D854RS5QS7;
				INFOPLIST_FILE = Tests/Info.plist;
				LD_RUNPATH_SEARCH_PATHS = (
					"$(inherited)",
					"@executable_path/Frameworks",
					"@loader_path/Frameworks",
				);
				PRODUCT_BUNDLE_IDENTIFIER = net.machinethink.CoreMLHelpersTests;
				PRODUCT_NAME = "$(TARGET_NAME)";
				SWIFT_VERSION = 5.0;
				TARGETED_DEVICE_FAMILY = "1,2";
				TEST_HOST = "$(BUILT_PRODUCTS_DIR)/Demo.app/Demo";
			};
			name = Debug;
		};
		7B4AFF841F40863100AF62F3 /* Release */ = {
			isa = XCBuildConfiguration;
			buildSettings = {
				BUNDLE_LOADER = "$(TEST_HOST)";
				DEVELOPMENT_TEAM = D854RS5QS7;
				INFOPLIST_FILE = Tests/Info.plist;
				LD_RUNPATH_SEARCH_PATHS = (
					"$(inherited)",
					"@executable_path/Frameworks",
					"@loader_path/Frameworks",
				);
				PRODUCT_BUNDLE_IDENTIFIER = net.machinethink.CoreMLHelpersTests;
				PRODUCT_NAME = "$(TARGET_NAME)";
				SWIFT_VERSION = 5.0;
				TARGETED_DEVICE_FAMILY = "1,2";
				TEST_HOST = "$(BUILT_PRODUCTS_DIR)/Demo.app/Demo";
			};
			name = Release;
		};
/* End XCBuildConfiguration section */

/* Begin XCConfigurationList section */
		7B4A36081F35E6FA009A6364 /* Build configuration list for PBXProject "Demo" */ = {
			isa = XCConfigurationList;
			buildConfigurations = (
				7B4A361D1F35E6FA009A6364 /* Debug */,
				7B4A361E1F35E6FA009A6364 /* Release */,
			);
			defaultConfigurationIsVisible = 0;
			defaultConfigurationName = Release;
		};
		7B4A361F1F35E6FA009A6364 /* Build configuration list for PBXNativeTarget "Demo" */ = {
			isa = XCConfigurationList;
			buildConfigurations = (
				7B4A36201F35E6FA009A6364 /* Debug */,
				7B4A36211F35E6FA009A6364 /* Release */,
			);
			defaultConfigurationIsVisible = 0;
			defaultConfigurationName = Release;
		};
		7B4AFF851F40863100AF62F3 /* Build configuration list for PBXNativeTarget "Tests" */ = {
			isa = XCConfigurationList;
			buildConfigurations = (
				7B4AFF831F40863100AF62F3 /* Debug */,
				7B4AFF841F40863100AF62F3 /* Release */,
			);
			defaultConfigurationIsVisible = 0;
			defaultConfigurationName = Release;
		};
/* End XCConfigurationList section */

/* Begin XCSwiftPackageProductDependency section */
		3D6A419B28C6ED0A00DC2EA9 /* CoreMLHelpers */ = {
			isa = XCSwiftPackageProductDependency;
			productName = CoreMLHelpers;
		};
/* End XCSwiftPackageProductDependency section */
	};
	rootObject = 7B4A36051F35E6FA009A6364 /* Project object */;
}
